
Microsoft Visual Studio Solution File, Format Version 12.00
# Visual Studio Version 16
VisualStudioVersion = 16.0.31829.152
MinimumVisualStudioVersion = 10.0.40219.1
Project("{8BC9CEB8-8B4A-11D0-8D11-00A0C91BC942}") = "RaytraceRenderWindowRelease", "RaytraceRenderWindowRelease.vcxproj", "{3A75A16D-558C-3B95-937A-98C7284728AC}"
EndProject
Global
	GlobalSection(SolutionConfigurationPlatforms) = preSolution
		Debug|x64 = Debug|x64
		Release|x64 = Release|x64
	EndGlobalSection
	GlobalSection(ProjectConfigurationPlatforms) = postSolution
		{3A75A16D-558C-3B95-937A-98C7284728AC}.Debug|x64.ActiveCfg = Debug|x64
		{3A75A16D-558C-3B95-937A-98C7284728AC}.Debug|x64.Build.0 = Debug|x64
		{3A75A16D-558C-3B95-937A-98C7284728AC}.Release|x64.ActiveCfg = Release|x64
		{3A75A16D-558C-3B95-937A-98C7284728AC}.Release|x64.Build.0 = Release|x64
	EndGlobalSection
	GlobalSection(SolutionProperties) = preSolution
		HideSolutionNode = FALSE
	EndGlobalSection
	GlobalSection(ExtensibilityGlobals) = postSolution
		SolutionGuid = {A2C7725A-A08C-4103-93D8-65BB8A3BF077}
	EndGlobalSection
EndGlobal
