<?xml version="1.0" encoding="utf-8"?>
<Project xmlns="http://schemas.microsoft.com/developer/msbuild/2003">
  <ItemGroup>
    <Filter Include="Generated Files">
      <UniqueIdentifier>{71ED8ED8-ACB9-4CE9-BBE1-E00B30144E11}</UniqueIdentifier>
      <Extensions>cpp;c;cxx;moc;h;def;odl;idl;res;</Extensions>
    </Filter>
    <Filter Include="Generated Files">
      <UniqueIdentifier>{71ED8ED8-ACB9-4CE9-BBE1-E00B30144E11}</UniqueIdentifier>
      <Extensions>cpp;c;cxx;moc;h;def;odl;idl;res;</Extensions>
    </Filter>
    <Filter Include="Header Files">
      <UniqueIdentifier>{93995380-89BD-4b04-88EB-625FBE52EBFB}</UniqueIdentifier>
      <Extensions>h;hpp;hxx;hm;inl;inc;xsd</Extensions>
    </Filter>
    <Filter Include="Header Files">
      <UniqueIdentifier>{93995380-89BD-4b04-88EB-625FBE52EBFB}</UniqueIdentifier>
      <Extensions>h;hpp;hxx;hm;inl;inc;xsd</Extensions>
    </Filter>
    <Filter Include="Source Files">
      <UniqueIdentifier>{4FC737F1-C7A5-4376-A066-2A32D752A2FF}</UniqueIdentifier>
      <Extensions>cpp;c;cxx;def;odl;idl;hpj;bat;asm;asmx</Extensions>
    </Filter>
    <Filter Include="Source Files">
      <UniqueIdentifier>{4FC737F1-C7A5-4376-A066-2A32D752A2FF}</UniqueIdentifier>
      <Extensions>cpp;c;cxx;def;odl;idl;hpj;bat;asm;asmx</Extensions>
    </Filter>
    <Filter Include="Raytracing">
      <UniqueIdentifier>{50bee2f7-38bd-4a4d-8bc3-1b4caa969c34}</UniqueIdentifier>
    </Filter>
    <Filter Include="Raytracing\Header Files">
      <UniqueIdentifier>{f0a6abd8-08a9-44c6-8749-5b166cb072db}</UniqueIdentifier>
    </Filter>
    <Filter Include="Raytracing\Source Files">
      <UniqueIdentifier>{58759d53-d027-4141-b797-92494f606175}</UniqueIdentifier>
    </Filter>
  </ItemGroup>
  <ItemGroup>
    <ClCompile Include="ArcBall.cpp">
      <Filter>Source Files</Filter>
    </ClCompile>
    <ClCompile Include="ArcBallWidget.cpp">
      <Filter>Source Files</Filter>
    </ClCompile>
    <ClCompile Include="Cartesian3.cpp">
      <Filter>Source Files</Filter>
    </ClCompile>
    <ClCompile Include="Homogeneous4.cpp">
      <Filter>Source Files</Filter>
    </ClCompile>
    <ClCompile Include="Matrix4.cpp">
      <Filter>Source Files</Filter>
    </ClCompile>
    <ClCompile Include="Quaternion.cpp">
      <Filter>Source Files</Filter>
    </ClCompile>
    <ClCompile Include="RGBAImage.cpp">
      <Filter>Source Files</Filter>
    </ClCompile>
    <ClCompile Include="RGBAValue.cpp">
      <Filter>Source Files</Filter>
    </ClCompile>
    <ClCompile Include="RaytraceRenderWidget.cpp">
      <Filter>Source Files</Filter>
    </ClCompile>
    <ClCompile Include="RenderController.cpp">
      <Filter>Source Files</Filter>
    </ClCompile>
    <ClCompile Include="RenderWidget.cpp">
      <Filter>Source Files</Filter>
    </ClCompile>
    <ClCompile Include="RenderWindow.cpp">
      <Filter>Source Files</Filter>
    </ClCompile>
    <ClCompile Include="TexturedObject.cpp">
      <Filter>Source Files</Filter>
    </ClCompile>
    <ClCompile Include="main.cpp">
      <Filter>Source Files</Filter>
    </ClCompile>
    <ClCompile Include="Raytracer.cpp">
      <Filter>Raytracing\Source Files</Filter>
    </ClCompile>
    <ClCompile Include="Geometry.cpp">
      <Filter>Raytracing\Source Files</Filter>
    </ClCompile>
    <ClCompile Include="RaytraceTexturedObject.cpp">
      <Filter>Raytracing\Source Files</Filter>
    </ClCompile>
    <ClCompile Include="Surfel.cpp">
      <Filter>Raytracing\Source Files</Filter>
    </ClCompile>
  </ItemGroup>
  <ItemGroup>
    <ClInclude Include="ArcBall.h">
      <Filter>Header Files</Filter>
    </ClInclude>
    <QtMoc Include="ArcBallWidget.h">
      <Filter>Header Files</Filter>
    </QtMoc>
    <ClInclude Include="Cartesian3.h">
      <Filter>Header Files</Filter>
    </ClInclude>
    <ClInclude Include="Homogeneous4.h">
      <Filter>Header Files</Filter>
    </ClInclude>
    <ClInclude Include="Matrix4.h">
      <Filter>Header Files</Filter>
    </ClInclude>
    <ClInclude Include="Quaternion.h">
      <Filter>Header Files</Filter>
    </ClInclude>
    <ClInclude Include="RGBAImage.h">
      <Filter>Header Files</Filter>
    </ClInclude>
    <ClInclude Include="RGBAValue.h">
      <Filter>Header Files</Filter>
    </ClInclude>
    <QtMoc Include="RaytraceRenderWidget.h">
      <Filter>Header Files</Filter>
    </QtMoc>
    <QtMoc Include="RenderController.h">
      <Filter>Header Files</Filter>
    </QtMoc>
    <ClInclude Include="RenderParameters.h">
      <Filter>Header Files</Filter>
    </ClInclude>
    <QtMoc Include="RenderWidget.h">
      <Filter>Header Files</Filter>
    </QtMoc>
    <ClInclude Include="RenderWindow.h">
      <Filter>Header Files</Filter>
    </ClInclude>
    <ClInclude Include="TexturedObject.h">
      <Filter>Header Files</Filter>
    </ClInclude>
    <ClInclude Include="Raytracer.h">
      <Filter>Raytracing\Header Files</Filter>
    </ClInclude>
    <ClInclude Include="Geometry.h">
      <Filter>Raytracing\Header Files</Filter>
    </ClInclude>
    <ClInclude Include="RaytraceTexturedObject.h">
      <Filter>Raytracing\Header Files</Filter>
    </ClInclude>
    <ClInclude Include="Surfel.h">
      <Filter>Raytracing\Header Files</Filter>
    </ClInclude>
  </ItemGroup>
  <ItemGroup>
    <CustomBuild Include="debug\moc_predefs.h.cbt">
      <Filter>Generated Files</Filter>
    </CustomBuild>
    <CustomBuild Include="release\moc_predefs.h.cbt">
      <Filter>Generated Files</Filter>
    </CustomBuild>
  </ItemGroup>
</Project>